
Microsoft Visual Studio Solution File, Format Version 12.00
# Visual Studio Version 17
VisualStudioVersion = 17.9.34616.47
MinimumVisualStudioVersion = 10.0.40219.1
Project("{FAE04EC0-301F-11D3-BF4B-00C04F79EFBC}") = "tpmodul6_1302223092", "tpmodul6_1302223092\tpmodul6_1302223092.csproj", "{9BC3CF57-1498-4473-BB4A-2C15B96919E5}"
EndProject
Global
	GlobalSection(SolutionConfigurationPlatforms) = preSolution
		Debug|Any CPU = Debug|Any CPU
		Release|Any CPU = Release|Any CPU
	EndGlobalSection
	GlobalSection(ProjectConfigurationPlatforms) = postSolution
		{9BC3CF57-1498-4473-BB4A-2C15B96919E5}.Debug|Any CPU.ActiveCfg = Debug|Any CPU
		{9BC3CF57-1498-4473-BB4A-2C15B96919E5}.Debug|Any CPU.Build.0 = Debug|Any CPU
		{9BC3CF57-1498-4473-BB4A-2C15B96919E5}.Release|Any CPU.ActiveCfg = Release|Any CPU
		{9BC3CF57-1498-4473-BB4A-2C15B96919E5}.Release|Any CPU.Build.0 = Release|Any CPU
	EndGlobalSection
	GlobalSection(SolutionProperties) = preSolution
		HideSolutionNode = FALSE
	EndGlobalSection
	GlobalSection(ExtensibilityGlobals) = postSolution
		SolutionGuid = {37AA20AF-DDA6-48BC-A327-EC99C67A9452}
	EndGlobalSection
EndGlobal
